// !$*UTF8*$!
{
	archiveVersion = 1;
	classes = {
	};
	objectVersion = 46;
	objects = {

/* Begin PBXBuildFile section */
		1F04D9701F7AB4C000C7C6DF /* SmashTweetTableViewController.swift in Sources */ = {isa = PBXBuildFile; fileRef = 1F04D96F1F7AB4C000C7C6DF /* SmashTweetTableViewController.swift */; };
		1F30C9C71F68451600DCB2F6 /* Twitter.framework in Frameworks */ = {isa = PBXBuildFile; fileRef = 1F30C9C61F68451600DCB2F6 /* Twitter.framework */; };
		1F30C9C81F68451600DCB2F6 /* Twitter.framework in Embed Frameworks */ = {isa = PBXBuildFile; fileRef = 1F30C9C61F68451600DCB2F6 /* Twitter.framework */; settings = {ATTRIBUTES = (CodeSignOnCopy, RemoveHeadersOnCopy, ); }; };
		1F89D8731F7BFE4900C4CE1D /* SmashTweetersTable.swift in Sources */ = {isa = PBXBuildFile; fileRef = 1F89D8721F7BFE4900C4CE1D /* SmashTweetersTable.swift */; };
		1F89D8761F7BFE8400C4CE1D /* Smash.xcdatamodeld in Sources */ = {isa = PBXBuildFile; fileRef = 1F89D8741F7BFE8400C4CE1D /* Smash.xcdatamodeld */; };
		1FEAA1D11F65F0A0008CBFAE /* AppDelegate.swift in Sources */ = {isa = PBXBuildFile; fileRef = 1FEAA1D01F65F0A0008CBFAE /* AppDelegate.swift */; };
		1FEAA1D31F65F0A0008CBFAE /* ViewController.swift in Sources */ = {isa = PBXBuildFile; fileRef = 1FEAA1D21F65F0A0008CBFAE /* ViewController.swift */; };
		1FEAA1D61F65F0A0008CBFAE /* Main.storyboard in Resources */ = {isa = PBXBuildFile; fileRef = 1FEAA1D41F65F0A0008CBFAE /* Main.storyboard */; };
		1FEAA1D81F65F0A0008CBFAE /* Assets.xcassets in Resources */ = {isa = PBXBuildFile; fileRef = 1FEAA1D71F65F0A0008CBFAE /* Assets.xcassets */; };
		1FEAA1DB1F65F0A0008CBFAE /* LaunchScreen.storyboard in Resources */ = {isa = PBXBuildFile; fileRef = 1FEAA1D91F65F0A0008CBFAE /* LaunchScreen.storyboard */; };
		1FEAA1E31F65F0FB008CBFAE /* TweetTableTableViewController.swift in Sources */ = {isa = PBXBuildFile; fileRef = 1FEAA1E21F65F0FB008CBFAE /* TweetTableTableViewController.swift */; };
/* End PBXBuildFile section */

/* Begin PBXCopyFilesBuildPhase section */
		1F30C9C01F6843B300DCB2F6 /* Embed Frameworks */ = {
			isa = PBXCopyFilesBuildPhase;
			buildActionMask = 2147483647;
			dstPath = "";
			dstSubfolderSpec = 10;
			files = (
				1F30C9C81F68451600DCB2F6 /* Twitter.framework in Embed Frameworks */,
			);
			name = "Embed Frameworks";
			runOnlyForDeploymentPostprocessing = 0;
		};
/* End PBXCopyFilesBuildPhase section */

/* Begin PBXFileReference section */
		1F04D96F1F7AB4C000C7C6DF /* SmashTweetTableViewController.swift */ = {isa = PBXFileReference; fileEncoding = 4; lastKnownFileType = sourcecode.swift; path = SmashTweetTableViewController.swift; sourceTree = "<group>"; };
		1F30C9C61F68451600DCB2F6 /* Twitter.framework */ = {isa = PBXFileReference; explicitFileType = wrapper.framework; path = Twitter.framework; sourceTree = BUILT_PRODUCTS_DIR; };
		1F89D8721F7BFE4900C4CE1D /* SmashTweetersTable.swift */ = {isa = PBXFileReference; fileEncoding = 4; lastKnownFileType = sourcecode.swift; name = SmashTweetersTable.swift; path = ../SmashTweetersTable.swift; sourceTree = "<group>"; };
		1F89D8751F7BFE8400C4CE1D /* Smash.xcdatamodel */ = {isa = PBXFileReference; lastKnownFileType = wrapper.xcdatamodel; path = Smash.xcdatamodel; sourceTree = "<group>"; };
		1FEAA1CD1F65F0A0008CBFAE /* SmashTag.app */ = {isa = PBXFileReference; explicitFileType = wrapper.application; includeInIndex = 0; path = SmashTag.app; sourceTree = BUILT_PRODUCTS_DIR; };
		1FEAA1D01F65F0A0008CBFAE /* AppDelegate.swift */ = {isa = PBXFileReference; lastKnownFileType = sourcecode.swift; path = AppDelegate.swift; sourceTree = "<group>"; };
		1FEAA1D21F65F0A0008CBFAE /* ViewController.swift */ = {isa = PBXFileReference; lastKnownFileType = sourcecode.swift; path = ViewController.swift; sourceTree = "<group>"; };
		1FEAA1D51F65F0A0008CBFAE /* Base */ = {isa = PBXFileReference; lastKnownFileType = file.storyboard; name = Base; path = Base.lproj/Main.storyboard; sourceTree = "<group>"; };
		1FEAA1D71F65F0A0008CBFAE /* Assets.xcassets */ = {isa = PBXFileReference; lastKnownFileType = folder.assetcatalog; path = Assets.xcassets; sourceTree = "<group>"; };
		1FEAA1DA1F65F0A0008CBFAE /* Base */ = {isa = PBXFileReference; lastKnownFileType = file.storyboard; name = Base; path = Base.lproj/LaunchScreen.storyboard; sourceTree = "<group>"; };
		1FEAA1DC1F65F0A0008CBFAE /* Info.plist */ = {isa = PBXFileReference; lastKnownFileType = text.plist.xml; path = Info.plist; sourceTree = "<group>"; };
		1FEAA1E21F65F0FB008CBFAE /* TweetTableTableViewController.swift */ = {isa = PBXFileReference; fileEncoding = 4; lastKnownFileType = sourcecode.swift; path = TweetTableTableViewController.swift; sourceTree = "<group>"; };
/* End PBXFileReference section */

/* Begin PBXFrameworksBuildPhase section */
		1FEAA1CA1F65F0A0008CBFAE /* Frameworks */ = {
			isa = PBXFrameworksBuildPhase;
			buildActionMask = 2147483647;
			files = (
				1F30C9C71F68451600DCB2F6 /* Twitter.framework in Frameworks */,
			);
			runOnlyForDeploymentPostprocessing = 0;
		};
/* End PBXFrameworksBuildPhase section */

/* Begin PBXGroup section */
		1FEAA1C41F65F0A0008CBFAE = {
			isa = PBXGroup;
			children = (
				1F30C9C61F68451600DCB2F6 /* Twitter.framework */,
				1FEAA1CF1F65F0A0008CBFAE /* SmashTag */,
				1FEAA1CE1F65F0A0008CBFAE /* Products */,
			);
			sourceTree = "<group>";
		};
		1FEAA1CE1F65F0A0008CBFAE /* Products */ = {
			isa = PBXGroup;
			children = (
				1FEAA1CD1F65F0A0008CBFAE /* SmashTag.app */,
			);
			name = Products;
			sourceTree = "<group>";
		};
		1FEAA1CF1F65F0A0008CBFAE /* SmashTag */ = {
			isa = PBXGroup;
			children = (
				1FEAA1D01F65F0A0008CBFAE /* AppDelegate.swift */,
				1F89D8741F7BFE8400C4CE1D /* Smash.xcdatamodeld */,
				1FEAA1D21F65F0A0008CBFAE /* ViewController.swift */,
				1F04D96F1F7AB4C000C7C6DF /* SmashTweetTableViewController.swift */,
				1F89D8721F7BFE4900C4CE1D /* SmashTweetersTable.swift */,
				1FEAA1D41F65F0A0008CBFAE /* Main.storyboard */,
				1FEAA1E21F65F0FB008CBFAE /* TweetTableTableViewController.swift */,
				1FEAA1D71F65F0A0008CBFAE /* Assets.xcassets */,
				1FEAA1D91F65F0A0008CBFAE /* LaunchScreen.storyboard */,
				1FEAA1DC1F65F0A0008CBFAE /* Info.plist */,
			);
			path = SmashTag;
			sourceTree = "<group>";
		};
/* End PBXGroup section */

/* Begin PBXNativeTarget section */
		1FEAA1CC1F65F0A0008CBFAE /* SmashTag */ = {
			isa = PBXNativeTarget;
			buildConfigurationList = 1FEAA1DF1F65F0A0008CBFAE /* Build configuration list for PBXNativeTarget "SmashTag" */;
			buildPhases = (
				1FEAA1C91F65F0A0008CBFAE /* Sources */,
				1FEAA1CA1F65F0A0008CBFAE /* Frameworks */,
				1FEAA1CB1F65F0A0008CBFAE /* Resources */,
				1F30C9C01F6843B300DCB2F6 /* Embed Frameworks */,
			);
			buildRules = (
			);
			dependencies = (
			);
			name = SmashTag;
			productName = SmashTag;
			productReference = 1FEAA1CD1F65F0A0008CBFAE /* SmashTag.app */;
			productType = "com.apple.product-type.application";
		};
/* End PBXNativeTarget section */

/* Begin PBXProject section */
		1FEAA1C51F65F0A0008CBFAE /* Project object */ = {
			isa = PBXProject;
			attributes = {
				LastSwiftUpdateCheck = 0830;
				LastUpgradeCheck = 0830;
				ORGANIZATIONNAME = "Jonathan Deng";
				TargetAttributes = {
					1FEAA1CC1F65F0A0008CBFAE = {
						CreatedOnToolsVersion = 8.3.2;
						DevelopmentTeam = L3G9FY2DZF;
						LastSwiftMigration = 0830;
						ProvisioningStyle = Automatic;
					};
				};
			};
			buildConfigurationList = 1FEAA1C81F65F0A0008CBFAE /* Build configuration list for PBXProject "SmashTag" */;
			compatibilityVersion = "Xcode 3.2";
			developmentRegion = English;
			hasScannedForEncodings = 0;
			knownRegions = (
				en,
				Base,
			);
			mainGroup = 1FEAA1C41F65F0A0008CBFAE;
			productRefGroup = 1FEAA1CE1F65F0A0008CBFAE /* Products */;
			projectDirPath = "";
			projectRoot = "";
			targets = (
				1FEAA1CC1F65F0A0008CBFAE /* SmashTag */,
			);
		};
/* End PBXProject section */

/* Begin PBXResourcesBuildPhase section */
		1FEAA1CB1F65F0A0008CBFAE /* Resources */ = {
			isa = PBXResourcesBuildPhase;
			buildActionMask = 2147483647;
			files = (
				1FEAA1DB1F65F0A0008CBFAE /* LaunchScreen.storyboard in Resources */,
				1FEAA1D81F65F0A0008CBFAE /* Assets.xcassets in Resources */,
				1FEAA1D61F65F0A0008CBFAE /* Main.storyboard in Resources */,
			);
			runOnlyForDeploymentPostprocessing = 0;
		};
/* End PBXResourcesBuildPhase section */

/* Begin PBXSourcesBuildPhase section */
		1FEAA1C91F65F0A0008CBFAE /* Sources */ = {
			isa = PBXSourcesBuildPhase;
			buildActionMask = 2147483647;
			files = (
				1F89D8761F7BFE8400C4CE1D /* Smash.xcdatamodeld in Sources */,
				1FEAA1E31F65F0FB008CBFAE /* TweetTableTableViewController.swift in Sources */,
				1F04D9701F7AB4C000C7C6DF /* SmashTweetTableViewController.swift in Sources */,
				1F89D8731F7BFE4900C4CE1D /* SmashTweetersTable.swift in Sources */,
				1FEAA1D31F65F0A0008CBFAE /* ViewController.swift in Sources */,
				1FEAA1D11F65F0A0008CBFAE /* AppDelegate.swift in Sources */,
			);
			runOnlyForDeploymentPostprocessing = 0;
		};
/* End PBXSourcesBuildPhase section */

/* Begin PBXVariantGroup section */
		1FEAA1D41F65F0A0008CBFAE /* Main.storyboard */ = {
			isa = PBXVariantGroup;
			children = (
				1FEAA1D51F65F0A0008CBFAE /* Base */,
			);
			name = Main.storyboard;
			sourceTree = "<group>";
		};
		1FEAA1D91F65F0A0008CBFAE /* LaunchScreen.storyboard */ = {
			isa = PBXVariantGroup;
			children = (
				1FEAA1DA1F65F0A0008CBFAE /* Base */,
			);
			name = LaunchScreen.storyboard;
			sourceTree = "<group>";
		};
/* End PBXVariantGroup section */

/* Begin XCBuildConfiguration section */
		1FEAA1DD1F65F0A0008CBFAE /* Debug */ = {
			isa = XCBuildConfiguration;
			buildSettings = {
				ALWAYS_SEARCH_USER_PATHS = NO;
				CLANG_ANALYZER_NONNULL = YES;
				CLANG_ANALYZER_NUMBER_OBJECT_CONVERSION = YES_AGGRESSIVE;
				CLANG_CXX_LANGUAGE_STANDARD = "gnu++0x";
				CLANG_CXX_LIBRARY = "libc++";
				CLANG_ENABLE_MODULES = YES;
				CLANG_ENABLE_OBJC_ARC = YES;
				CLANG_WARN_BOOL_CONVERSION = YES;
				CLANG_WARN_CONSTANT_CONVERSION = YES;
				CLANG_WARN_DIRECT_OBJC_ISA_USAGE = YES_ERROR;
				CLANG_WARN_DOCUMENTATION_COMMENTS = YES;
				CLANG_WARN_EMPTY_BODY = YES;
				CLANG_WARN_ENUM_CONVERSION = YES;
				CLANG_WARN_INFINITE_RECURSION = YES;
				CLANG_WARN_INT_CONVERSION = YES;
				CLANG_WARN_OBJC_ROOT_CLASS = YES_ERROR;
				CLANG_WARN_SUSPICIOUS_MOVE = YES;
				CLANG_WARN_UNREACHABLE_CODE = YES;
				CLANG_WARN__DUPLICATE_METHOD_MATCH = YES;
				"CODE_SIGN_IDENTITY[sdk=iphoneos*]" = "iPhone Developer";
				COPY_PHASE_STRIP = NO;
				DEBUG_INFORMATION_FORMAT = dwarf;
				ENABLE_STRICT_OBJC_MSGSEND = YES;
				ENABLE_TESTABILITY = YES;
				GCC_C_LANGUAGE_STANDARD = gnu99;
				GCC_DYNAMIC_NO_PIC = NO;
				GCC_NO_COMMON_BLOCKS = YES;
				GCC_OPTIMIZATION_LEVEL = 0;
				GCC_PREPROCESSOR_DEFINITIONS = (
					"DEBUG=1",
					"$(inherited)",
				);
				GCC_WARN_64_TO_32_BIT_CONVERSION = YES;
				GCC_WARN_ABOUT_RETURN_TYPE = YES_ERROR;
				GCC_WARN_UNDECLARED_SELECTOR = YES;
				GCC_WARN_UNINITIALIZED_AUTOS = YES_AGGRESSIVE;
				GCC_WARN_UNUSED_FUNCTION = YES;
				GCC_WARN_UNUSED_VARIABLE = YES;
				IPHONEOS_DEPLOYMENT_TARGET = 10.3;
				MTL_ENABLE_DEBUG_INFO = YES;
				ONLY_ACTIVE_ARCH = YES;
				SDKROOT = iphoneos;
				SWIFT_ACTIVE_COMPILATION_CONDITIONS = DEBUG;
				SWIFT_OPTIMIZATION_LEVEL = "-Onone";
				TARGETED_DEVICE_FAMILY = "1,2";
			};
			name = Debug;
		};
		1FEAA1DE1F65F0A0008CBFAE /* Release */ = {
			isa = XCBuildConfiguration;
			buildSettings = {
				ALWAYS_SEARCH_USER_PATHS = NO;
				CLANG_ANALYZER_NONNULL = YES;
				CLANG_ANALYZER_NUMBER_OBJECT_CONVERSION = YES_AGGRESSIVE;
				CLANG_CXX_LANGUAGE_STANDARD = "gnu++0x";
				CLANG_CXX_LIBRARY = "libc++";
				CLANG_ENABLE_MODULES = YES;
				CLANG_ENABLE_OBJC_ARC = YES;
				CLANG_WARN_BOOL_CONVERSION = YES;
				CLANG_WARN_CONSTANT_CONVERSION = YES;
				CLANG_WARN_DIRECT_OBJC_ISA_USAGE = YES_ERROR;
				CLANG_WARN_DOCUMENTATION_COMMENTS = YES;
				CLANG_WARN_EMPTY_BODY = YES;
				CLANG_WARN_ENUM_CONVERSION = YES;
				CLANG_WARN_INFINITE_RECURSION = YES;
				CLANG_WARN_INT_CONVERSION = YES;
				CLANG_WARN_OBJC_ROOT_CLASS = YES_ERROR;
				CLANG_WARN_SUSPICIOUS_MOVE = YES;
				CLANG_WARN_UNREACHABLE_CODE = YES;
				CLANG_WARN__DUPLICATE_METHOD_MATCH = YES;
				"CODE_SIGN_IDENTITY[sdk=iphoneos*]" = "iPhone Developer";
				COPY_PHASE_STRIP = NO;
				DEBUG_INFORMATION_FORMAT = "dwarf-with-dsym";
				ENABLE_NS_ASSERTIONS = NO;
				ENABLE_STRICT_OBJC_MSGSEND = YES;
				GCC_C_LANGUAGE_STANDARD = gnu99;
				GCC_NO_COMMON_BLOCKS = YES;
				GCC_WARN_64_TO_32_BIT_CONVERSION = YES;
				GCC_WARN_ABOUT_RETURN_TYPE = YES_ERROR;
				GCC_WARN_UNDECLARED_SELECTOR = YES;
				GCC_WARN_UNINITIALIZED_AUTOS = YES_AGGRESSIVE;
				GCC_WARN_UNUSED_FUNCTION = YES;
				GCC_WARN_UNUSED_VARIABLE = YES;
				IPHONEOS_DEPLOYMENT_TARGET = 10.3;
				MTL_ENABLE_DEBUG_INFO = NO;
				SDKROOT = iphoneos;
				SWIFT_OPTIMIZATION_LEVEL = "-Owholemodule";
				TARGETED_DEVICE_FAMILY = "1,2";
				VALIDATE_PRODUCT = YES;
			};
			name = Release;
		};
		1FEAA1E01F65F0A0008CBFAE /* Debug */ = {
			isa = XCBuildConfiguration;
			buildSettings = {
				ASSETCATALOG_COMPILER_APPICON_NAME = AppIcon;
				DEVELOPMENT_TEAM = L3G9FY2DZF;
				INFOPLIST_FILE = SmashTag/Info.plist;
				IPHONEOS_DEPLOYMENT_TARGET = 10.3;
				LD_RUNPATH_SEARCH_PATHS = "$(inherited) @executable_path/Frameworks";
				PRODUCT_BUNDLE_IDENTIFIER = edu.JonathanDeng.SmashTag;
				PRODUCT_NAME = "$(TARGET_NAME)";
				SWIFT_VERSION = 3.0;
			};
			name = Debug;
		};
		1FEAA1E11F65F0A0008CBFAE /* Release */ = {
			isa = XCBuildConfiguration;
			buildSettings = {
				ASSETCATALOG_COMPILER_APPICON_NAME = AppIcon;
				DEVELOPMENT_TEAM = L3G9FY2DZF;
				INFOPLIST_FILE = SmashTag/Info.plist;
				IPHONEOS_DEPLOYMENT_TARGET = 10.3;
				LD_RUNPATH_SEARCH_PATHS = "$(inherited) @executable_path/Frameworks";
				PRODUCT_BUNDLE_IDENTIFIER = edu.JonathanDeng.SmashTag;
				PRODUCT_NAME = "$(TARGET_NAME)";
				SWIFT_VERSION = 3.0;
			};
			name = Release;
		};
/* End XCBuildConfiguration section */

/* Begin XCConfigurationList section */
		1FEAA1C81F65F0A0008CBFAE /* Build configuration list for PBXProject "SmashTag" */ = {
			isa = XCConfigurationList;
			buildConfigurations = (
				1FEAA1DD1F65F0A0008CBFAE /* Debug */,
				1FEAA1DE1F65F0A0008CBFAE /* Release */,
			);
			defaultConfigurationIsVisible = 0;
			defaultConfigurationName = Release;
		};
		1FEAA1DF1F65F0A0008CBFAE /* Build configuration list for PBXNativeTarget "SmashTag" */ = {
			isa = XCConfigurationList;
			buildConfigurations = (
				1FEAA1E01F65F0A0008CBFAE /* Debug */,
				1FEAA1E11F65F0A0008CBFAE /* Release */,
			);
			defaultConfigurationIsVisible = 0;
			defaultConfigurationName = Release;
		};
/* End XCConfigurationList section */

/* Begin XCVersionGroup section */
		1F89D8741F7BFE8400C4CE1D /* Smash.xcdatamodeld */ = {
			isa = XCVersionGroup;
			children = (
				1F89D8751F7BFE8400C4CE1D /* Smash.xcdatamodel */,
			);
			currentVersion = 1F89D8751F7BFE8400C4CE1D /* Smash.xcdatamodel */;
			path = Smash.xcdatamodeld;
			sourceTree = "<group>";
			versionGroupType = wrapper.xcdatamodel;
		};
/* End XCVersionGroup section */
	};
	rootObject = 1FEAA1C51F65F0A0008CBFAE /* Project object */;
}
